{
    "_meta": {
        "hash": {
            "sha256": "85c7293255beca1666793c064781dc4c99bf2b22e4e107943cc745fb8fcfa323"
        },
        "pipfile-spec": 6,
        "requires": {
            "python_version": "3.6"
        },
        "sources": [
            {
                "name": "pypi",
                "url": "https://pypi.org/simple",
                "verify_ssl": true
            }
        ]
    },
    "default": {
        "pycairo": {
            "hashes": [
                "sha256:dcb853fd020729516e8828ad364084e752327d4cff8505d20b13504b32b16531"
            ],
            "version": "==1.18.2"
        },
        "pygobject": {
            "hashes": [
                "sha256:2acb0daf2b3a23a90f52066cc23d1053339fee2f5f7f4275f8baa3704ae0c543"
            ],
            "index": "pypi",
            "version": "==3.34.0"
        }
    },
    "develop": {}
}
